{
  "requires": true,
  "lockfileVersion": 1,
  "dependencies": {
    "big-bang-theory": {
      "version": "git+ssh://git@github.com/rogerjaffe/big-bang-theory.git#85da6fb369bb723412bc92c2963b76da8ef44359",
      "from": "big-bang-theory@rogerjaffe/big-bang-theory"
    },
    "us-baby-names": {
      "version": "1.0.0",
      "resolved": "https://registry.npmjs.org/us-baby-names/-/us-baby-names-1.0.0.tgz",
      "integrity": "sha512-RQ+YEci3OhftZgRJVtABXtDNEMH0l0qyalPM+WC6qtCwWa915e4eLJFUKtSjOaydN+wnxlL1jLj/0vFk3bDI/A=="
    }
  }
}
